
Microsoft Visual Studio Solution File, Format Version 12.00
# Visual Studio Version 17
VisualStudioVersion = 17.14.36301.6 d17.14
MinimumVisualStudioVersion = 10.0.40219.1
Project("{FAE04EC0-301F-11D3-BF4B-00C04F79EFBC}") = "DogsProject", "DogsProject.csproj", "{2F93FA88-478F-4A6F-B9E2-CC6221DFE933}"
EndProject
Global
	GlobalSection(SolutionConfigurationPlatforms) = preSolution
		Debug|Any CPU = Debug|Any CPU
		Release|Any CPU = Release|Any CPU
	EndGlobalSection
	GlobalSection(ProjectConfigurationPlatforms) = postSolution
		{2F93FA88-478F-4A6F-B9E2-CC6221DFE933}.Debug|Any CPU.ActiveCfg = Debug|Any CPU
		{2F93FA88-478F-4A6F-B9E2-CC6221DFE933}.Debug|Any CPU.Build.0 = Debug|Any CPU
		{2F93FA88-478F-4A6F-B9E2-CC6221DFE933}.Release|Any CPU.ActiveCfg = Release|Any CPU
		{2F93FA88-478F-4A6F-B9E2-CC6221DFE933}.Release|Any CPU.Build.0 = Release|Any CPU
	EndGlobalSection
	GlobalSection(SolutionProperties) = preSolution
		HideSolutionNode = FALSE
	EndGlobalSection
	GlobalSection(ExtensibilityGlobals) = postSolution
		SolutionGuid = {52616ADA-1D26-4B00-B9D4-550C11B1AA39}
	EndGlobalSection
EndGlobal
